
Microsoft Visual Studio Solution File, Format Version 12.00
# Visual Studio 15
VisualStudioVersion = 15.0.26730.3
MinimumVisualStudioVersion = 10.0.40219.1
Project("{9A19103F-16F7-4668-BE54-9A1E7A4F7556}") = "Hangfire.Redis.StackExchange", "Hangfire.Redis.StackExchange\Hangfire.Redis.StackExchange.csproj", "{9DABE359-48C5-4910-A642-1CD6BBE95423}"
EndProject
Project("{9A19103F-16F7-4668-BE54-9A1E7A4F7556}") = "Hangfire.Redis.Tests", "Hangfire.Redis.Tests\Hangfire.Redis.Tests.csproj", "{C082AF1C-CE27-4132-9363-19C05BDB7362}"
EndProject
Project("{FAE04EC0-301F-11D3-BF4B-00C04F79EFBC}") = "Hangfire.Redis.StackExchange.ConsoleSample", "Hangfire.Redis.StackExchange.ConsoleSample\Hangfire.Redis.StackExchange.ConsoleSample.csproj", "{42FEDA79-DECB-44DD-B094-A6E05D519777}"
EndProject
Project("{FAE04EC0-301F-11D3-BF4B-00C04F79EFBC}") = "Hangfire.Redis.StackExchange.MvcSample", "Hangfire.Redis.StackExchange.MvcSample\Hangfire.Redis.StackExchange.MvcSample.csproj", "{5B00BE66-0CE5-49CE-AD40-828A1EA43710}"
EndProject
Global
	GlobalSection(SolutionConfigurationPlatforms) = preSolution
		Debug|Any CPU = Debug|Any CPU
		Release|Any CPU = Release|Any CPU
	EndGlobalSection
	GlobalSection(ProjectConfigurationPlatforms) = postSolution
		{9DABE359-48C5-4910-A642-1CD6BBE95423}.Debug|Any CPU.ActiveCfg = Debug|Any CPU
		{9DABE359-48C5-4910-A642-1CD6BBE95423}.Debug|Any CPU.Build.0 = Debug|Any CPU
		{9DABE359-48C5-4910-A642-1CD6BBE95423}.Release|Any CPU.ActiveCfg = Release|Any CPU
		{9DABE359-48C5-4910-A642-1CD6BBE95423}.Release|Any CPU.Build.0 = Release|Any CPU
		{C082AF1C-CE27-4132-9363-19C05BDB7362}.Debug|Any CPU.ActiveCfg = Debug|Any CPU
		{C082AF1C-CE27-4132-9363-19C05BDB7362}.Debug|Any CPU.Build.0 = Debug|Any CPU
		{C082AF1C-CE27-4132-9363-19C05BDB7362}.Release|Any CPU.ActiveCfg = Release|Any CPU
		{C082AF1C-CE27-4132-9363-19C05BDB7362}.Release|Any CPU.Build.0 = Release|Any CPU
		{42FEDA79-DECB-44DD-B094-A6E05D519777}.Debug|Any CPU.ActiveCfg = Debug|Any CPU
		{42FEDA79-DECB-44DD-B094-A6E05D519777}.Debug|Any CPU.Build.0 = Debug|Any CPU
		{42FEDA79-DECB-44DD-B094-A6E05D519777}.Release|Any CPU.ActiveCfg = Release|Any CPU
		{42FEDA79-DECB-44DD-B094-A6E05D519777}.Release|Any CPU.Build.0 = Release|Any CPU
		{5B00BE66-0CE5-49CE-AD40-828A1EA43710}.Debug|Any CPU.ActiveCfg = Debug|Any CPU
		{5B00BE66-0CE5-49CE-AD40-828A1EA43710}.Debug|Any CPU.Build.0 = Debug|Any CPU
		{5B00BE66-0CE5-49CE-AD40-828A1EA43710}.Release|Any CPU.ActiveCfg = Release|Any CPU
		{5B00BE66-0CE5-49CE-AD40-828A1EA43710}.Release|Any CPU.Build.0 = Release|Any CPU
	EndGlobalSection
	GlobalSection(SolutionProperties) = preSolution
		HideSolutionNode = FALSE
	EndGlobalSection
	GlobalSection(ExtensibilityGlobals) = postSolution
		SolutionGuid = {84739C62-68C1-4A4B-A523-FB1AE8072464}
	EndGlobalSection
EndGlobal
